PODS:
  - ACFloatingTextfield-Swift (1.7)
  - Alamofire (4.7.3)
  - AlamofireImage (3.3.1):
    - Alamofire (~> 4.5)
  - SDWebImage (4.4.2):
    - SDWebImage/Core (= 4.4.2)
  - SDWebImage/Core (4.4.2)
  - SVProgressHUD (2.2.5)
  - TPKeyboardAvoiding (1.3.2)

DEPENDENCIES:
  - ACFloatingTextfield-Swift (~> 1.7)
  - Alamofire (~> 4.7)
  - AlamofireImage (~> 3.3)
  - SDWebImage
  - SVProgressHUD
  - TPKeyboardAvoiding

SPEC REPOS:
  https://github.com/cocoapods/specs.git:
    - ACFloatingTextfield-Swift
    - Alamofire
    - AlamofireImage
    - SDWebImage
    - SVProgressHUD
    - TPKeyboardAvoiding

SPEC CHECKSUMS:
  ACFloatingTextfield-Swift: df075d5ed5d441d8603f985fc106ec7ebe0c673f
  Alamofire: c7287b6e5d7da964a70935e5db17046b7fde6568
  AlamofireImage: 3b35b586853abaf94ca1250f4e94cff3c21a4c0d
  SDWebImage: 624d6e296c69b244bcede364c72ae0430ac14681
  SVProgressHUD: 1428aafac632c1f86f62aa4243ec12008d7a51d6
  TPKeyboardAvoiding: cb69d5ddbe90ce0170e4bc2db1e5e41d4a3ad9a4

PODFILE CHECKSUM: c64e9f54110c0d3fdbeee22c4ca40353798ad812

COCOAPODS: 1.5.3
